
Microsoft Visual Studio Solution File, Format Version 12.00
# Visual Studio 15
VisualStudioVersion = 15.0.28307.572
MinimumVisualStudioVersion = 10.0.40219.1
Project("{FAE04EC0-301F-11D3-BF4B-00C04F79EFBC}") = "CharacterCounter", "CharacterCounter\CharacterCounter.csproj", "{9C223FA1-712D-4633-967D-05FABEFB6E00}"
EndProject
Global
	GlobalSection(SolutionConfigurationPlatforms) = preSolution
		Debug|Any CPU = Debug|Any CPU
		Release|Any CPU = Release|Any CPU
	EndGlobalSection
	GlobalSection(ProjectConfigurationPlatforms) = postSolution
		{9C223FA1-712D-4633-967D-05FABEFB6E00}.Debug|Any CPU.ActiveCfg = Debug|Any CPU
		{9C223FA1-712D-4633-967D-05FABEFB6E00}.Debug|Any CPU.Build.0 = Debug|Any CPU
		{9C223FA1-712D-4633-967D-05FABEFB6E00}.Release|Any CPU.ActiveCfg = Release|Any CPU
		{9C223FA1-712D-4633-967D-05FABEFB6E00}.Release|Any CPU.Build.0 = Release|Any CPU
	EndGlobalSection
	GlobalSection(SolutionProperties) = preSolution
		HideSolutionNode = FALSE
	EndGlobalSection
	GlobalSection(ExtensibilityGlobals) = postSolution
		SolutionGuid = {19CF5972-3438-4FC1-BB72-CBEB59F4FCA4}
	EndGlobalSection
EndGlobal
